
Microsoft Visual Studio Solution File, Format Version 12.00
# Visual Studio Version 17
VisualStudioVersion = 17.5.002.0
MinimumVisualStudioVersion = 10.0.40219.1
Project("{9A19103F-16F7-4668-BE54-9A1E7A4F7556}") = "hw261123", "hw261123.csproj", "{AE8DF69A-76C6-43F5-BCD0-8978174E308D}"
EndProject
Global
	GlobalSection(SolutionConfigurationPlatforms) = preSolution
		Debug|Any CPU = Debug|Any CPU
		Release|Any CPU = Release|Any CPU
	EndGlobalSection
	GlobalSection(ProjectConfigurationPlatforms) = postSolution
		{AE8DF69A-76C6-43F5-BCD0-8978174E308D}.Debug|Any CPU.ActiveCfg = Debug|Any CPU
		{AE8DF69A-76C6-43F5-BCD0-8978174E308D}.Debug|Any CPU.Build.0 = Debug|Any CPU
		{AE8DF69A-76C6-43F5-BCD0-8978174E308D}.Release|Any CPU.ActiveCfg = Release|Any CPU
		{AE8DF69A-76C6-43F5-BCD0-8978174E308D}.Release|Any CPU.Build.0 = Release|Any CPU
	EndGlobalSection
	GlobalSection(SolutionProperties) = preSolution
		HideSolutionNode = FALSE
	EndGlobalSection
	GlobalSection(ExtensibilityGlobals) = postSolution
		SolutionGuid = {EC7E8F30-3093-40F8-B87C-2B9B6F2103A8}
	EndGlobalSection
EndGlobal
